// !$*UTF8*$!
{
	archiveVersion = 1;
	classes = {
	};
	objectVersion = 46;
	objects = {

/* Begin PBXBuildFile section */
		4F4345941592417500E0DA89 /* Foundation.framework in Frameworks */ = {isa = PBXBuildFile; fileRef = 4F4345931592417500E0DA89 /* Foundation.framework */; };
		4F4345961592417500E0DA89 /* UIKit.framework in Frameworks */ = {isa = PBXBuildFile; fileRef = 4F4345951592417500E0DA89 /* UIKit.framework */; };
		4F4345981592417500E0DA89 /* CoreGraphics.framework in Frameworks */ = {isa = PBXBuildFile; fileRef = 4F4345971592417500E0DA89 /* CoreGraphics.framework */; };
		4F43459A1592417500E0DA89 /* AddressBook.framework in Frameworks */ = {isa = PBXBuildFile; fileRef = 4F4345991592417500E0DA89 /* AddressBook.framework */; };
		4F43459C1592417500E0DA89 /* AddressBookUI.framework in Frameworks */ = {isa = PBXBuildFile; fileRef = 4F43459B1592417500E0DA89 /* AddressBookUI.framework */; };
		4F43459E1592417500E0DA89 /* AudioToolbox.framework in Frameworks */ = {isa = PBXBuildFile; fileRef = 4F43459D1592417500E0DA89 /* AudioToolbox.framework */; };
		4F4345A01592417500E0DA89 /* AVFoundation.framework in Frameworks */ = {isa = PBXBuildFile; fileRef = 4F43459F1592417500E0DA89 /* AVFoundation.framework */; };
		4F4345A21592417500E0DA89 /* CoreLocation.framework in Frameworks */ = {isa = PBXBuildFile; fileRef = 4F4345A11592417500E0DA89 /* CoreLocation.framework */; };
		4F4345A41592417500E0DA89 /* MediaPlayer.framework in Frameworks */ = {isa = PBXBuildFile; fileRef = 4F4345A31592417500E0DA89 /* MediaPlayer.framework */; };
		4F4345A61592417500E0DA89 /* QuartzCore.framework in Frameworks */ = {isa = PBXBuildFile; fileRef = 4F4345A51592417500E0DA89 /* QuartzCore.framework */; };
		4F4345A81592417500E0DA89 /* SystemConfiguration.framework in Frameworks */ = {isa = PBXBuildFile; fileRef = 4F4345A71592417500E0DA89 /* SystemConfiguration.framework */; };
		4F4345AA1592417500E0DA89 /* MobileCoreServices.framework in Frameworks */ = {isa = PBXBuildFile; fileRef = 4F4345A91592417500E0DA89 /* MobileCoreServices.framework */; };
		4F4345AC1592417500E0DA89 /* CoreMedia.framework in Frameworks */ = {isa = PBXBuildFile; fileRef = 4F4345AB1592417500E0DA89 /* CoreMedia.framework */; };
		4F4345B21592417500E0DA89 /* InfoPlist.strings in Resources */ = {isa = PBXBuildFile; fileRef = 4F4345B01592417500E0DA89 /* InfoPlist.strings */; };
		4F4345B41592417500E0DA89 /* main.m in Sources */ = {isa = PBXBuildFile; fileRef = 4F4345B31592417500E0DA89 /* main.m */; };
		4F4345B71592417500E0DA89 /* Cordova.framework in Frameworks */ = {isa = PBXBuildFile; fileRef = 4F4345B61592417500E0DA89 /* Cordova.framework */; };
		4F4345BC1592417500E0DA89 /* Localizable.strings in Resources */ = {isa = PBXBuildFile; fileRef = 4F4345BA1592417500E0DA89 /* Localizable.strings */; };
		4F4345C01592417500E0DA89 /* Localizable.strings in Resources */ = {isa = PBXBuildFile; fileRef = 4F4345BE1592417500E0DA89 /* Localizable.strings */; };
		4F4345C41592417500E0DA89 /* Localizable.strings in Resources */ = {isa = PBXBuildFile; fileRef = 4F4345C21592417500E0DA89 /* Localizable.strings */; };
		4F4345C81592417500E0DA89 /* Localizable.strings in Resources */ = {isa = PBXBuildFile; fileRef = 4F4345C61592417500E0DA89 /* Localizable.strings */; };
		4F4345CB1592417500E0DA89 /* icon.png in Resources */ = {isa = PBXBuildFile; fileRef = 4F4345CA1592417500E0DA89 /* icon.png */; };
		4F4345CD1592417500E0DA89 /* icon@2x.png in Resources */ = {isa = PBXBuildFile; fileRef = 4F4345CC1592417500E0DA89 /* icon@2x.png */; };
		4F4345CF1592417500E0DA89 /* icon-72.png in Resources */ = {isa = PBXBuildFile; fileRef = 4F4345CE1592417500E0DA89 /* icon-72.png */; };
		4F4345D21592417500E0DA89 /* Default~iphone.png in Resources */ = {isa = PBXBuildFile; fileRef = 4F4345D11592417500E0DA89 /* Default~iphone.png */; };
		4F4345D41592417500E0DA89 /* Default@2x~iphone.png in Resources */ = {isa = PBXBuildFile; fileRef = 4F4345D31592417500E0DA89 /* Default@2x~iphone.png */; };
		4F4345D61592417500E0DA89 /* Capture.bundle in Resources */ = {isa = PBXBuildFile; fileRef = 4F4345D51592417500E0DA89 /* Capture.bundle */; };
		4F4345D81592417500E0DA89 /* Cordova.plist in Resources */ = {isa = PBXBuildFile; fileRef = 4F4345D71592417500E0DA89 /* Cordova.plist */; };
		4F4345DC1592417500E0DA89 /* AppDelegate.m in Sources */ = {isa = PBXBuildFile; fileRef = 4F4345DB1592417500E0DA89 /* AppDelegate.m */; };
		4F4345DF1592417500E0DA89 /* MainViewController.m in Sources */ = {isa = PBXBuildFile; fileRef = 4F4345DE1592417500E0DA89 /* MainViewController.m */; };
		4F4345E11592417500E0DA89 /* MainViewController.xib in Resources */ = {isa = PBXBuildFile; fileRef = 4F4345E01592417500E0DA89 /* MainViewController.xib */; };
/* End PBXBuildFile section */

/* Begin PBXFileReference section */
		4F43458F1592417500E0DA89 /* Alpha.app */ = {isa = PBXFileReference; explicitFileType = wrapper.application; includeInIndex = 0; path = Alpha.app; sourceTree = BUILT_PRODUCTS_DIR; };
		4F4345931592417500E0DA89 /* Foundation.framework */ = {isa = PBXFileReference; lastKnownFileType = wrapper.framework; name = Foundation.framework; path = System/Library/Frameworks/Foundation.framework; sourceTree = SDKROOT; };
		4F4345951592417500E0DA89 /* UIKit.framework */ = {isa = PBXFileReference; lastKnownFileType = wrapper.framework; name = UIKit.framework; path = System/Library/Frameworks/UIKit.framework; sourceTree = SDKROOT; };
		4F4345971592417500E0DA89 /* CoreGraphics.framework */ = {isa = PBXFileReference; lastKnownFileType = wrapper.framework; name = CoreGraphics.framework; path = System/Library/Frameworks/CoreGraphics.framework; sourceTree = SDKROOT; };
		4F4345991592417500E0DA89 /* AddressBook.framework */ = {isa = PBXFileReference; lastKnownFileType = wrapper.framework; name = AddressBook.framework; path = System/Library/Frameworks/AddressBook.framework; sourceTree = SDKROOT; };
		4F43459B1592417500E0DA89 /* AddressBookUI.framework */ = {isa = PBXFileReference; lastKnownFileType = wrapper.framework; name = AddressBookUI.framework; path = System/Library/Frameworks/AddressBookUI.framework; sourceTree = SDKROOT; };
		4F43459D1592417500E0DA89 /* AudioToolbox.framework */ = {isa = PBXFileReference; lastKnownFileType = wrapper.framework; name = AudioToolbox.framework; path = System/Library/Frameworks/AudioToolbox.framework; sourceTree = SDKROOT; };
		4F43459F1592417500E0DA89 /* AVFoundation.framework */ = {isa = PBXFileReference; lastKnownFileType = wrapper.framework; name = AVFoundation.framework; path = System/Library/Frameworks/AVFoundation.framework; sourceTree = SDKROOT; };
		4F4345A11592417500E0DA89 /* CoreLocation.framework */ = {isa = PBXFileReference; lastKnownFileType = wrapper.framework; name = CoreLocation.framework; path = System/Library/Frameworks/CoreLocation.framework; sourceTree = SDKROOT; };
		4F4345A31592417500E0DA89 /* MediaPlayer.framework */ = {isa = PBXFileReference; lastKnownFileType = wrapper.framework; name = MediaPlayer.framework; path = System/Library/Frameworks/MediaPlayer.framework; sourceTree = SDKROOT; };
		4F4345A51592417500E0DA89 /* QuartzCore.framework */ = {isa = PBXFileReference; lastKnownFileType = wrapper.framework; name = QuartzCore.framework; path = System/Library/Frameworks/QuartzCore.framework; sourceTree = SDKROOT; };
		4F4345A71592417500E0DA89 /* SystemConfiguration.framework */ = {isa = PBXFileReference; lastKnownFileType = wrapper.framework; name = SystemConfiguration.framework; path = System/Library/Frameworks/SystemConfiguration.framework; sourceTree = SDKROOT; };
		4F4345A91592417500E0DA89 /* MobileCoreServices.framework */ = {isa = PBXFileReference; lastKnownFileType = wrapper.framework; name = MobileCoreServices.framework; path = System/Library/Frameworks/MobileCoreServices.framework; sourceTree = SDKROOT; };
		4F4345AB1592417500E0DA89 /* CoreMedia.framework */ = {isa = PBXFileReference; lastKnownFileType = wrapper.framework; name = CoreMedia.framework; path = System/Library/Frameworks/CoreMedia.framework; sourceTree = SDKROOT; };
		4F4345AF1592417500E0DA89 /* Alpha-Info.plist */ = {isa = PBXFileReference; path = "Alpha-Info.plist"; sourceTree = "<group>"; };
		4F4345B11592417500E0DA89 /* en */ = {isa = PBXFileReference; lastKnownFileType = text.plist.strings; name = en; path = en.lproj/InfoPlist.strings; sourceTree = "<group>"; };
		4F4345B31592417500E0DA89 /* main.m */ = {isa = PBXFileReference; lastKnownFileType = sourcecode.c.objc; path = main.m; sourceTree = "<group>"; };
		4F4345B51592417500E0DA89 /* Alpha-Prefix.pch */ = {isa = PBXFileReference; path = "Alpha-Prefix.pch"; sourceTree = "<group>"; };
		4F4345B61592417500E0DA89 /* Cordova.framework */ = {isa = PBXFileReference; lastKnownFileType = wrapper.framework; name = Cordova.framework; path = /Users/Shared/Cordova/Frameworks/Cordova.framework; sourceTree = "<absolute>"; };
		4F4345BB1592417500E0DA89 /* en */ = {isa = PBXFileReference; lastKnownFileType = text.plist.strings; name = en; path = Resources/en.lproj/Localizable.strings; sourceTree = "<group>"; };
		4F4345BF1592417500E0DA89 /* es */ = {isa = PBXFileReference; lastKnownFileType = text.plist.strings; name = es; path = Resources/es.lproj/Localizable.strings; sourceTree = "<group>"; };
		4F4345C31592417500E0DA89 /* de */ = {isa = PBXFileReference; lastKnownFileType = text.plist.strings; name = de; path = Resources/de.lproj/Localizable.strings; sourceTree = "<group>"; };
		4F4345C71592417500E0DA89 /* se */ = {isa = PBXFileReference; lastKnownFileType = text.plist.strings; name = se; path = Resources/se.lproj/Localizable.strings; sourceTree = "<group>"; };
		4F4345CA1592417500E0DA89 /* icon.png */ = {isa = PBXFileReference; lastKnownFileType = image.png; name = icon.png; path = Resources/icons/icon.png; sourceTree = "<group>"; };
		4F4345CC1592417500E0DA89 /* icon@2x.png */ = {isa = PBXFileReference; lastKnownFileType = image.png; name = "icon@2x.png"; path = "Resources/icons/icon@2x.png"; sourceTree = "<group>"; };
		4F4345CE1592417500E0DA89 /* icon-72.png */ = {isa = PBXFileReference; lastKnownFileType = image.png; name = "icon-72.png"; path = "Resources/icons/icon-72.png"; sourceTree = "<group>"; };
		4F4345D11592417500E0DA89 /* Default~iphone.png */ = {isa = PBXFileReference; lastKnownFileType = image.png; name = "Default~iphone.png"; path = "Resources/splash/Default~iphone.png"; sourceTree = "<group>"; };
		4F4345D31592417500E0DA89 /* Default@2x~iphone.png */ = {isa = PBXFileReference; lastKnownFileType = image.png; name = "Default@2x~iphone.png"; path = "Resources/splash/Default@2x~iphone.png"; sourceTree = "<group>"; };
		4F4345D51592417500E0DA89 /* Capture.bundle */ = {isa = PBXFileReference; lastKnownFileType = "wrapper.plug-in"; name = Capture.bundle; path = Resources/Capture.bundle; sourceTree = "<group>"; };
		4F4345D71592417500E0DA89 /* Cordova.plist */ = {isa = PBXFileReference; lastKnownFileType = text.plist.xml; path = Cordova.plist; sourceTree = "<group>"; };
		4F4345DA1592417500E0DA89 /* AppDelegate.h */ = {isa = PBXFileReference; name = AppDelegate.h; path = Classes/AppDelegate.h; sourceTree = "<group>"; };
		4F4345DB1592417500E0DA89 /* AppDelegate.m */ = {isa = PBXFileReference; lastKnownFileType = sourcecode.c.objc; name = AppDelegate.m; path = Classes/AppDelegate.m; sourceTree = "<group>"; };
		4F4345DD1592417500E0DA89 /* MainViewController.h */ = {isa = PBXFileReference; name = MainViewController.h; path = Classes/MainViewController.h; sourceTree = "<group>"; };
		4F4345DE1592417500E0DA89 /* MainViewController.m */ = {isa = PBXFileReference; lastKnownFileType = sourcecode.c.objc; name = MainViewController.m; path = Classes/MainViewController.m; sourceTree = "<group>"; };
		4F4345E01592417500E0DA89 /* MainViewController.xib */ = {isa = PBXFileReference; lastKnownFileType = file.xib; name = MainViewController.xib; path = Classes/MainViewController.xib; sourceTree = "<group>"; };
		4F4345E31592417500E0DA89 /* README */ = {isa = PBXFileReference; name = README; path = Plugins/README; sourceTree = "<group>"; };
		4F4345E41592417500E0DA89 /* verify.sh */ = {isa = PBXFileReference; path = verify.sh; sourceTree = "<group>"; };
/* End PBXFileReference section */

/* Begin PBXFrameworksBuildPhase section */
		4F4345891592417500E0DA89 /* Frameworks */ = {
			isa = PBXFrameworksBuildPhase;
			buildActionMask = 2147483647;
			files = (
				4F4345941592417500E0DA89 /* Foundation.framework in Frameworks */,
				4F4345961592417500E0DA89 /* UIKit.framework in Frameworks */,
				4F4345981592417500E0DA89 /* CoreGraphics.framework in Frameworks */,
				4F43459A1592417500E0DA89 /* AddressBook.framework in Frameworks */,
				4F43459C1592417500E0DA89 /* AddressBookUI.framework in Frameworks */,
				4F43459E1592417500E0DA89 /* AudioToolbox.framework in Frameworks */,
				4F4345A01592417500E0DA89 /* AVFoundation.framework in Frameworks */,
				4F4345A21592417500E0DA89 /* CoreLocation.framework in Frameworks */,
				4F4345A41592417500E0DA89 /* MediaPlayer.framework in Frameworks */,
				4F4345A61592417500E0DA89 /* QuartzCore.framework in Frameworks */,
				4F4345A81592417500E0DA89 /* SystemConfiguration.framework in Frameworks */,
				4F4345AA1592417500E0DA89 /* MobileCoreServices.framework in Frameworks */,
				4F4345AC1592417500E0DA89 /* CoreMedia.framework in Frameworks */,
				4F4345B71592417500E0DA89 /* Cordova.framework in Frameworks */,
			);
			runOnlyForDeploymentPostprocessing = 0;
		};
		4F43458C1592417500E0DA89 /* Frameworks */ = {
			isa = PBXFrameworksBuildPhase;
			buildActionMask = 2147483647;
			files = (
			);
			runOnlyForDeploymentPostprocessing = 0;
		};
/* End PBXFrameworksBuildPhase section */

/* Begin PBXGroup section */
		4F4345811592417400E0DA89 = {
			isa = PBXGroup;
			children = (
				4F4345AD1592417500E0DA89 /* Alpha */,
				4F4345921592417500E0DA89 /* Frameworks */,
				4F4345901592417500E0DA89 /* Products */,
			);
			sourceTree = "<group>";
		};
		4F4345901592417500E0DA89 /* Products */ = {
			isa = PBXGroup;
			children = (
				4F43458F1592417500E0DA89 /* Alpha.app */,
			);
			name = Products;
			sourceTree = "<group>";
		};
		4F4345921592417500E0DA89 /* Frameworks */ = {
			isa = PBXGroup;
			children = (
				4F4345931592417500E0DA89 /* Foundation.framework */,
				4F4345951592417500E0DA89 /* UIKit.framework */,
				4F4345971592417500E0DA89 /* CoreGraphics.framework */,
				4F4345991592417500E0DA89 /* AddressBook.framework */,
				4F43459B1592417500E0DA89 /* AddressBookUI.framework */,
				4F43459D1592417500E0DA89 /* AudioToolbox.framework */,
				4F43459F1592417500E0DA89 /* AVFoundation.framework */,
				4F4345A11592417500E0DA89 /* CoreLocation.framework */,
				4F4345A31592417500E0DA89 /* MediaPlayer.framework */,
				4F4345A51592417500E0DA89 /* QuartzCore.framework */,
				4F4345A71592417500E0DA89 /* SystemConfiguration.framework */,
				4F4345A91592417500E0DA89 /* MobileCoreServices.framework */,
				4F4345AB1592417500E0DA89 /* CoreMedia.framework */,
			);
			name = Frameworks;
			sourceTree = "<group>";
		};
		4F4345AD1592417500E0DA89 /* Alpha */ = {
			isa = PBXGroup;
			children = (
				4F4345B61592417500E0DA89 /* Cordova.framework */,
				4F4345B81592417500E0DA89 /* Resources */,
				4F4345D91592417500E0DA89 /* Classes */,
				4F4345E21592417500E0DA89 /* Plugins */,
				4F4345AE1592417500E0DA89 /* Supporting Files */,
			);
			path = Alpha;
			sourceTree = "<group>";
		};
		4F4345AE1592417500E0DA89 /* Supporting Files */ = {
			isa = PBXGroup;
			children = (
				4F4345AF1592417500E0DA89 /* Alpha-Info.plist */,
				4F4345B01592417500E0DA89 /* InfoPlist.strings */,
				4F4345B31592417500E0DA89 /* main.m */,
				4F4345B51592417500E0DA89 /* Alpha-Prefix.pch */,
				4F4345D71592417500E0DA89 /* Cordova.plist */,
				4F4345E01592417500E0DA89 /* MainViewController.xib */,
				4F4345E41592417500E0DA89 /* verify.sh */,
			);
			name = "Supporting Files";
			sourceTree = "<group>";
		};
		4F4345B81592417500E0DA89 /* Resources */ = {
			isa = PBXGroup;
			children = (
				4F4345D51592417500E0DA89 /* Capture.bundle */,
				4F4345B91592417500E0DA89 /* en.lproj */,
				4F4345BD1592417500E0DA89 /* es.lproj */,
				4F4345C11592417500E0DA89 /* de.lproj */,
				4F4345C51592417500E0DA89 /* se.lproj */,
				4F4345C91592417500E0DA89 /* icons */,
				4F4345D01592417500E0DA89 /* splash */,
			);
			name = Resources;
			sourceTree = "<group>";
		};
		4F4345B91592417500E0DA89 /* en.lproj */ = {
			isa = PBXGroup;
			children = (
				4F4345BA1592417500E0DA89 /* Localizable.strings */,
			);
			name = en.lproj;
			sourceTree = "<group>";
		};
		4F4345BD1592417500E0DA89 /* es.lproj */ = {
			isa = PBXGroup;
			children = (
				4F4345BE1592417500E0DA89 /* Localizable.strings */,
			);
			name = es.lproj;
			sourceTree = "<group>";
		};
		4F4345C11592417500E0DA89 /* de.lproj */ = {
			isa = PBXGroup;
			children = (
				4F4345C21592417500E0DA89 /* Localizable.strings */,
			);
			name = de.lproj;
			sourceTree = "<group>";
		};
		4F4345C51592417500E0DA89 /* se.lproj */ = {
			isa = PBXGroup;
			children = (
				4F4345C61592417500E0DA89 /* Localizable.strings */,
			);
			name = se.lproj;
			sourceTree = "<group>";
		};
		4F4345C91592417500E0DA89 /* icons */ = {
			isa = PBXGroup;
			children = (
				4F4345CA1592417500E0DA89 /* icon.png */,
				4F4345CC1592417500E0DA89 /* icon@2x.png */,
				4F4345CE1592417500E0DA89 /* icon-72.png */,
			);
			name = icons;
			sourceTree = "<group>";
		};
		4F4345D01592417500E0DA89 /* splash */ = {
			isa = PBXGroup;
			children = (
				4F4345D11592417500E0DA89 /* Default~iphone.png */,
				4F4345D31592417500E0DA89 /* Default@2x~iphone.png */,
			);
			name = splash;
			sourceTree = "<group>";
		};
		4F4345D91592417500E0DA89 /* Classes */ = {
			isa = PBXGroup;
			children = (
				4F4345DA1592417500E0DA89 /* AppDelegate.h */,
				4F4345DB1592417500E0DA89 /* AppDelegate.m */,
				4F4345DD1592417500E0DA89 /* MainViewController.h */,
				4F4345DE1592417500E0DA89 /* MainViewController.m */,
			);
			name = Classes;
			sourceTree = "<group>";
		};
		4F4345E21592417500E0DA89 /* Plugins */ = {
			isa = PBXGroup;
			children = (
				4F4345E31592417500E0DA89 /* README */,
			);
			name = Plugins;
			sourceTree = "<group>";
		};
/* End PBXGroup section */

/* Begin PBXNativeTarget section */
		4F43458E1592417500E0DA89 /* Alpha */ = {
			isa = PBXNativeTarget;
			buildConfigurationList = 4F4345E71592417500E0DA89 /* Build configuration list for PBXNativeTarget "Alpha" */;
			buildPhases = (
				4F4345881592417500E0DA89 /* Sources */,
				4F4345891592417500E0DA89 /* Frameworks */,
				4F43458A1592417500E0DA89 /* Resources */,
				4F43458B1592417500E0DA89 /* Sources */,
				4F43458C1592417500E0DA89 /* Frameworks */,
				4F43458D1592417500E0DA89 /* ShellScript */,
			);
			buildRules = (
			);
			dependencies = (
			);
			name = Alpha;
			productName = Alpha;
			productReference = 4F43458F1592417500E0DA89 /* Alpha.app */;
			productType = "com.apple.product-type.application";
		};
/* End PBXNativeTarget section */

/* Begin PBXProject section */
		4F4345831592417400E0DA89 /* Project object */ = {
			isa = PBXProject;
			attributes = {
				LastUpgradeCheck = 0420;
			};
			buildConfigurationList = 4F4345861592417400E0DA89 /* Build configuration list for PBXProject "Alpha" */;
			compatibilityVersion = "Xcode 3.2";
			developmentRegion = English;
			hasScannedForEncodings = 0;
			knownRegions = (
				en,
				es,
				de,
				se,
			);
			mainGroup = 4F4345811592417400E0DA89;
			productRefGroup = 4F4345901592417500E0DA89 /* Products */;
			projectDirPath = "";
			projectRoot = "";
			targets = (
				4F43458E1592417500E0DA89 /* Alpha */,
			);
		};
/* End PBXProject section */

/* Begin PBXResourcesBuildPhase section */
		4F43458A1592417500E0DA89 /* Resources */ = {
			isa = PBXResourcesBuildPhase;
			buildActionMask = 2147483647;
			files = (
				4F4345B21592417500E0DA89 /* InfoPlist.strings in Resources */,
				4F4345BC1592417500E0DA89 /* Localizable.strings in Resources */,
				4F4345C01592417500E0DA89 /* Localizable.strings in Resources */,
				4F4345C41592417500E0DA89 /* Localizable.strings in Resources */,
				4F4345C81592417500E0DA89 /* Localizable.strings in Resources */,
				4F4345CB1592417500E0DA89 /* icon.png in Resources */,
				4F4345CD1592417500E0DA89 /* icon@2x.png in Resources */,
				4F4345CF1592417500E0DA89 /* icon-72.png in Resources */,
				4F4345D21592417500E0DA89 /* Default~iphone.png in Resources */,
				4F4345D41592417500E0DA89 /* Default@2x~iphone.png in Resources */,
				4F4345D61592417500E0DA89 /* Capture.bundle in Resources */,
				4F4345D81592417500E0DA89 /* Cordova.plist in Resources */,
				4F4345E11592417500E0DA89 /* MainViewController.xib in Resources */,
			);
			runOnlyForDeploymentPostprocessing = 0;
		};
/* End PBXResourcesBuildPhase section */

/* Begin PBXShellScriptBuildPhase section */
		4F43458D1592417500E0DA89 /* ShellScript */ = {
			isa = PBXShellScriptBuildPhase;
			buildActionMask = 2147483647;
			files = (
			);
			inputPaths = (
			);
			outputPaths = (
			);
			runOnlyForDeploymentPostprocessing = 0;
			shellPath = /bin/bash;
			shellScript = "\n\t\t\t\t\t\t\t\tchmod 755 \"$PROJECT_DIR/$PROJECT_NAME/verify.sh\"\n\t\t\t\t\t\t\t\t\"$PROJECT_DIR/$PROJECT_NAME/verify.sh\"\n\t\t\t\t\t";
		};
/* End PBXShellScriptBuildPhase section */

/* Begin PBXSourcesBuildPhase section */
		4F4345881592417500E0DA89 /* Sources */ = {
			isa = PBXSourcesBuildPhase;
			buildActionMask = 2147483647;
			files = (
				4F4345B41592417500E0DA89 /* main.m in Sources */,
				4F4345DC1592417500E0DA89 /* AppDelegate.m in Sources */,
				4F4345DF1592417500E0DA89 /* MainViewController.m in Sources */,
			);
			runOnlyForDeploymentPostprocessing = 0;
		};
		4F43458B1592417500E0DA89 /* Sources */ = {
			isa = PBXSourcesBuildPhase;
			buildActionMask = 2147483647;
			files = (
			);
			runOnlyForDeploymentPostprocessing = 0;
		};
/* End PBXSourcesBuildPhase section */

/* Begin PBXVariantGroup section */
		4F4345B01592417500E0DA89 /* InfoPlist.strings */ = {
			isa = PBXVariantGroup;
			children = (
				4F4345B11592417500E0DA89 /* en */,
			);
			name = InfoPlist.strings;
			sourceTree = "<group>";
		};
		4F4345BA1592417500E0DA89 /* Localizable.strings */ = {
			isa = PBXVariantGroup;
			children = (
				4F4345BB1592417500E0DA89 /* en */,
			);
			name = Localizable.strings;
			sourceTree = "<group>";
		};
		4F4345BE1592417500E0DA89 /* Localizable.strings */ = {
			isa = PBXVariantGroup;
			children = (
				4F4345BF1592417500E0DA89 /* es */,
			);
			name = Localizable.strings;
			sourceTree = "<group>";
		};
		4F4345C21592417500E0DA89 /* Localizable.strings */ = {
			isa = PBXVariantGroup;
			children = (
				4F4345C31592417500E0DA89 /* de */,
			);
			name = Localizable.strings;
			sourceTree = "<group>";
		};
		4F4345C61592417500E0DA89 /* Localizable.strings */ = {
			isa = PBXVariantGroup;
			children = (
				4F4345C71592417500E0DA89 /* se */,
			);
			name = Localizable.strings;
			sourceTree = "<group>";
		};
/* End PBXVariantGroup section */

/* Begin XCBuildConfiguration section */
		4F4345E51592417500E0DA89 /* Debug */ = {
			isa = XCBuildConfiguration;
			buildSettings = {
				ALWAYS_SEARCH_USER_PATHS = NO;
				ARCHS = (
					armv6,
					"$(ARCHS_STANDARD_32_BIT)",
				);
				"CODE_SIGN_IDENTITY[sdk=iphoneos*]" = "iPhone Developer";
				COPY_PHASE_STRIP = NO;
				GCC_C_LANGUAGE_STANDARD = gnu99;
				GCC_DYNAMIC_NO_PIC = NO;
				GCC_OPTIMIZATION_LEVEL = 0;
				GCC_PREPROCESSOR_DEFINITIONS = (
					"DEBUG=1",
					"$(inherited)",
				);
				GCC_SYMBOLS_PRIVATE_EXTERN = NO;
				GCC_VERSION = com.apple.compilers.llvm.clang.1_0;
				GCC_WARN_ABOUT_MISSING_PROTOTYPES = YES;
				GCC_WARN_ABOUT_RETURN_TYPE = YES;
				GCC_WARN_UNUSED_VARIABLE = YES;
				IPHONEOS_DEPLOYMENT_TARGET = 3.0;
				SDKROOT = iphoneos;
			};
			name = Debug;
		};
		4F4345E61592417500E0DA89 /* Release */ = {
			isa = XCBuildConfiguration;
			buildSettings = {
				ALWAYS_SEARCH_USER_PATHS = NO;
				ARCHS = (
					armv6,
					"$(ARCHS_STANDARD_32_BIT)",
				);
				"CODE_SIGN_IDENTITY[sdk=iphoneos*]" = "iPhone Developer";
				COPY_PHASE_STRIP = YES;
				GCC_C_LANGUAGE_STANDARD = gnu99;
				GCC_VERSION = com.apple.compilers.llvm.clang.1_0;
				GCC_WARN_ABOUT_MISSING_PROTOTYPES = YES;
				GCC_WARN_ABOUT_RETURN_TYPE = YES;
				GCC_WARN_UNUSED_VARIABLE = YES;
				IPHONEOS_DEPLOYMENT_TARGET = 3.0;
				SDKROOT = iphoneos;
				VALIDATE_PRODUCT = YES;
			};
			name = Release;
		};
		4F4345E81592417500E0DA89 /* Debug */ = {
			isa = XCBuildConfiguration;
			buildSettings = {
				ALWAYS_SEARCH_USER_PATHS = YES;
				COPY_PHASE_STRIP = NO;
				FRAMEWORK_SEARCH_PATHS = /Users/Shared/Cordova/Frameworks;
				GCC_DYNAMIC_NO_PIC = NO;
				GCC_PRECOMPILE_PREFIX_HEADER = YES;
				GCC_PREFIX_HEADER = "Alpha/Alpha-Prefix.pch";
				GCC_PREPROCESSOR_DEFINITIONS = (
					"DEBUG=1,",
					"CORDOVA_FRAMEWORK=1",
				);
				INFOPLIST_FILE = "Alpha/Alpha-Info.plist";
				OTHER_LDFLAGS = (
					"-weak_framework",
					UIKit,
					"-weak_framework",
					AVFoundation,
					"-weak_framework",
					CoreMedia,
					"-weak-lSystem",
				);
				PRODUCT_NAME = "$(TARGET_NAME)";
				TARGETED_DEVICE_FAMILY = "1,2";
				WRAPPER_EXTENSION = app;
			};
			name = Debug;
		};
		4F4345E91592417500E0DA89 /* Release */ = {
			isa = XCBuildConfiguration;
			buildSettings = {
				ALWAYS_SEARCH_USER_PATHS = YES;
				COPY_PHASE_STRIP = YES;
				DEBUG_INFORMATION_FORMAT = "dwarf-with-dsym";
				FRAMEWORK_SEARCH_PATHS = /Users/Shared/Cordova/Frameworks;
				GCC_PRECOMPILE_PREFIX_HEADER = YES;
				GCC_PREFIX_HEADER = "Alpha/Alpha-Prefix.pch";
				GCC_PREPROCESSOR_DEFINITIONS = (
					"NDEBUG=1,",
					"CORDOVA_FRAMEWORK=1",
				);
				INFOPLIST_FILE = "Alpha/Alpha-Info.plist";
				OTHER_LDFLAGS = (
					"-weak_framework",
					UIKit,
					"-weak_framework",
					AVFoundation,
					"-weak_framework",
					CoreMedia,
					"-weak-lSystem",
				);
				PRODUCT_NAME = "$(TARGET_NAME)";
				TARGETED_DEVICE_FAMILY = "1,2";
				VALIDATE_PRODUCT = YES;
				WRAPPER_EXTENSION = app;
			};
			name = Release;
		};
/* End XCBuildConfiguration section */

/* Begin XCConfigurationList section */
		4F4345861592417400E0DA89 /* Build configuration list for PBXProject "Alpha" */ = {
			isa = XCConfigurationList;
			buildConfigurations = (
				4F4345E51592417500E0DA89 /* Debug */,
				4F4345E61592417500E0DA89 /* Release */,
			);
			defaultConfigurationIsVisible = 0;
			defaultConfigurationName = Release;
		};
		4F4345E71592417500E0DA89 /* Build configuration list for PBXNativeTarget "Alpha" */ = {
			isa = XCConfigurationList;
			buildConfigurations = (
				4F4345E81592417500E0DA89 /* Debug */,
				4F4345E91592417500E0DA89 /* Release */,
			);
			defaultConfigurationIsVisible = 0;
		};
/* End XCConfigurationList section */
	};
	rootObject = 4F4345831592417400E0DA89 /* Project object */;
}
